<?xml version="1.0" encoding="utf-8"?>
<Project ToolsVersion="4.0" xmlns="http://schemas.microsoft.com/developer/msbuild/2003">
  <ItemGroup>
    <Filter Include="calendar">
      <UniqueIdentifier>{4FC737F1-C7A5-4376-A066-2A32D752A2FF}</UniqueIdentifier>
      <Extensions>cpp;c;cc;cxx;c++;cppm;ixx;def;odl;idl;hpj;bat;asm;asmx</Extensions>
    </Filter>
    <Filter Include="calendar\exception">
      <UniqueIdentifier>{a91ee9b0-b255-499e-a87b-b456c774c27d}</UniqueIdentifier>
    </Filter>
  </ItemGroup>
  <ItemGroup>
    <ClCompile Include="src\Date.cpp">
      <Filter>calendar</Filter>
    </ClCompile>
    <ClCompile Include="src\YearMonthDay.cpp">
      <Filter>calendar</Filter>
    </ClCompile>
    <ClCompile Include="src\Tenor.cpp">
      <Filter>calendar</Filter>
    </ClCompile>
    <ClCompile Include="src\exception\CalendarException.cpp">
      <Filter>calendar\exception</Filter>
    </ClCompile>
  </ItemGroup>
  <ItemGroup>
    <ClInclude Include="include\orca\calendar\Date.h">
      <Filter>calendar</Filter>
    </ClInclude>
    <ClInclude Include="include\orca\calendar\export.h">
      <Filter>calendar</Filter>
    </ClInclude>
    <ClInclude Include="include\orca\calendar\YearMonthDay.h">
      <Filter>calendar</Filter>
    </ClInclude>
    <ClInclude Include="include\orca\calendar\Tenor.h">
      <Filter>calendar</Filter>
    </ClInclude>
    <ClInclude Include="include\orca\calendar\exception\CalendarException.h">
      <Filter>calendar\exception</Filter>
    </ClInclude>
  </ItemGroup>
</Project>